
Microsoft Visual Studio Solution File, Format Version 12.00
# Visual Studio Version 17
VisualStudioVersion = 17.10.35122.118
MinimumVisualStudioVersion = 10.0.40219.1
Project("{9A19103F-16F7-4668-BE54-9A1E7A4F7556}") = "Bodega", "Bodega.csproj", "{1EBFFCB9-DBA2-41A9-A212-BAEDE40917EB}"
EndProject
Global
	GlobalSection(SolutionConfigurationPlatforms) = preSolution
		Debug|Any CPU = Debug|Any CPU
		Release|Any CPU = Release|Any CPU
	EndGlobalSection
	GlobalSection(ProjectConfigurationPlatforms) = postSolution
		{1EBFFCB9-DBA2-41A9-A212-BAEDE40917EB}.Debug|Any CPU.ActiveCfg = Debug|Any CPU
		{1EBFFCB9-DBA2-41A9-A212-BAEDE40917EB}.Debug|Any CPU.Build.0 = Debug|Any CPU
		{1EBFFCB9-DBA2-41A9-A212-BAEDE40917EB}.Release|Any CPU.ActiveCfg = Release|Any CPU
		{1EBFFCB9-DBA2-41A9-A212-BAEDE40917EB}.Release|Any CPU.Build.0 = Release|Any CPU
	EndGlobalSection
	GlobalSection(SolutionProperties) = preSolution
		HideSolutionNode = FALSE
	EndGlobalSection
	GlobalSection(ExtensibilityGlobals) = postSolution
		SolutionGuid = {DEE08BCD-DFB8-4C13-BC71-3FE3C3AA68B1}
	EndGlobalSection
EndGlobal
